
Microsoft Visual Studio Solution File, Format Version 12.00
# Visual Studio 15
VisualStudioVersion = 15.0.26730.12
MinimumVisualStudioVersion = 10.0.40219.1
Project("{FAE04EC0-301F-11D3-BF4B-00C04F79EFBC}") = "BTSAPROJECT", "BTSAPROJECT\BTSAPROJECT.csproj", "{B6355DBE-D275-4DF1-A6F9-07154E534874}"
EndProject
Global
	GlobalSection(SolutionConfigurationPlatforms) = preSolution
		Debug|Any CPU = Debug|Any CPU
		Release|Any CPU = Release|Any CPU
	EndGlobalSection
	GlobalSection(ProjectConfigurationPlatforms) = postSolution
		{B6355DBE-D275-4DF1-A6F9-07154E534874}.Debug|Any CPU.ActiveCfg = Debug|Any CPU
		{B6355DBE-D275-4DF1-A6F9-07154E534874}.Debug|Any CPU.Build.0 = Debug|Any CPU
		{B6355DBE-D275-4DF1-A6F9-07154E534874}.Release|Any CPU.ActiveCfg = Release|Any CPU
		{B6355DBE-D275-4DF1-A6F9-07154E534874}.Release|Any CPU.Build.0 = Release|Any CPU
	EndGlobalSection
	GlobalSection(SolutionProperties) = preSolution
		HideSolutionNode = FALSE
	EndGlobalSection
	GlobalSection(ExtensibilityGlobals) = postSolution
		SolutionGuid = {5E055EB4-8DE3-4FA2-972B-36E0D62C7381}
	EndGlobalSection
EndGlobal
